using System;

class program
{
    static void Main(String[] args)
    {
        int score = 0;
        Console.WriteLine("Welcome to the quiz!");
        Console.WriteLine("\n1. What is the Capital of france?");
        Console.WriteLine("A. Madrid");
        Console.WriteLine("B. Paris");
        Console.WriteLine("C. Berlin");
        Console.WriteLine("D. Rome");
        Console.WriteLine("Your Answer:");

        String answer1 = Console.ReadLine();

        if (answer1 == "B" || answer1 == "b")
        {
            Console.WriteLine("Correct!");
            score++;
        }
        else {
            Console.WriteLine("Wrong. The correct answer is B.");
        }

        Console.WriteLine("\n2. What is 5 + 3?");
        Console.WriteLine("A. 6");
        Console.WriteLine("B. 7");
        Console.WriteLine("C. 8");
        Console.WriteLine("D. 9");
        Console.WriteLine("Your answer:");

        String answer2 = Console.ReadLine();
        if(answer2 == "C" || answer2 == "c")
        {
            Console.WriteLine("Correct!");
            score++;
        }
        else { 

    Console.WriteLine("Wrong. The correct answer is C.");
        }
Console.WriteLine($"\nYou scored {score} out of 2!");
    }
}

   

